
Microsoft Visual Studio Solution File, Format Version 12.00
# Visual Studio Version 17
VisualStudioVersion = 17.4.33122.133
MinimumVisualStudioVersion = 10.0.40219.1
Project("{FAE04EC0-301F-11D3-BF4B-00C04F79EFBC}") = "CS.Reflection.Demo", "CS.Reflection.Demo.csproj", "{217D7E59-91C3-49B3-919C-D8E07070BB07}"
EndProject
Global
	GlobalSection(SolutionConfigurationPlatforms) = preSolution
		Debug|Any CPU = Debug|Any CPU
		Release|Any CPU = Release|Any CPU
	EndGlobalSection
	GlobalSection(ProjectConfigurationPlatforms) = postSolution
		{217D7E59-91C3-49B3-919C-D8E07070BB07}.Debug|Any CPU.ActiveCfg = Debug|Any CPU
		{217D7E59-91C3-49B3-919C-D8E07070BB07}.Debug|Any CPU.Build.0 = Debug|Any CPU
		{217D7E59-91C3-49B3-919C-D8E07070BB07}.Release|Any CPU.ActiveCfg = Release|Any CPU
		{217D7E59-91C3-49B3-919C-D8E07070BB07}.Release|Any CPU.Build.0 = Release|Any CPU
	EndGlobalSection
	GlobalSection(SolutionProperties) = preSolution
		HideSolutionNode = FALSE
	EndGlobalSection
	GlobalSection(ExtensibilityGlobals) = postSolution
		SolutionGuid = {1A500AAE-F1DE-40DF-A0CC-D94C1DFA2921}
	EndGlobalSection
EndGlobal
